
Microsoft Visual Studio Solution File, Format Version 12.00
# Visual Studio Version 17
VisualStudioVersion = 17.9.34728.123
MinimumVisualStudioVersion = 10.0.40219.1
Project("{9A19103F-16F7-4668-BE54-9A1E7A4F7556}") = "Degisken", "Degisken\Degisken.csproj", "{7A01B45F-127D-4744-B42F-D5ABA64EF95E}"
EndProject
Project("{9A19103F-16F7-4668-BE54-9A1E7A4F7556}") = "Operator", "Operator\Operator.csproj", "{62E05852-8062-489C-9818-A9DCD7710BC2}"
EndProject
Project("{9A19103F-16F7-4668-BE54-9A1E7A4F7556}") = "TipDonusum", "TipDonusum\TipDonusum.csproj", "{26FFE871-82A2-4CC6-87DC-A997E9A02408}"
EndProject
Project("{9A19103F-16F7-4668-BE54-9A1E7A4F7556}") = "HataYonetimi", "HataYonetimi\HataYonetimi.csproj", "{C2EDA543-E123-4FC4-A5C2-A3984E892BBA}"
EndProject
Project("{9A19103F-16F7-4668-BE54-9A1E7A4F7556}") = "IfElse", "IfElse\IfElse.csproj", "{908EC924-FE71-43A4-A8FB-914D3752590B}"
EndProject
Project("{9A19103F-16F7-4668-BE54-9A1E7A4F7556}") = "SwitchCase", "SwitchCase\SwitchCase.csproj", "{9E1EBD11-78AD-4142-8432-2C3194569A1B}"
EndProject
Project("{9A19103F-16F7-4668-BE54-9A1E7A4F7556}") = "ForLoop", "ForLoop\ForLoop.csproj", "{2A58E0FD-F1FA-4886-8226-C1D35CEEEB95}"
EndProject
Project("{9A19103F-16F7-4668-BE54-9A1E7A4F7556}") = "WhileForeach", "WhileForeach\WhileForeach.csproj", "{6C100B64-48CE-49FA-83AA-2B01822B32B1}"
EndProject
Project("{9A19103F-16F7-4668-BE54-9A1E7A4F7556}") = "Diziler", "Diziler\Diziler.csproj", "{26CD7D0F-0716-48F7-AB38-AE1703F0D818}"
EndProject
Project("{9A19103F-16F7-4668-BE54-9A1E7A4F7556}") = "ArrayMetotlari", "ArrayMetotları\ArrayMetotlari.csproj", "{A6AA1D69-8274-480A-BB7B-1CBA5770CEB2}"
EndProject
Project("{9A19103F-16F7-4668-BE54-9A1E7A4F7556}") = "Metotlar", "Metotlar\Metotlar.csproj", "{17693F0A-5C71-4A11-B806-91BF99A9DD60}"
EndProject
Project("{9A19103F-16F7-4668-BE54-9A1E7A4F7556}") = "MetotOverloading", "MetotOverloading\MetotOverloading.csproj", "{BE01BB2E-F0DB-43F5-BAD6-819BA9FC5FBA}"
EndProject
Project("{9A19103F-16F7-4668-BE54-9A1E7A4F7556}") = "RecursiveExtensionMetot", "RecursiveExtensionMetot\RecursiveExtensionMetot.csproj", "{FE3EE910-BBCE-4629-8A5C-6B7A64A8DD8B}"
EndProject
Project("{9A19103F-16F7-4668-BE54-9A1E7A4F7556}") = "Odev1", "Odev1\Odev1.csproj", "{2457FA67-6023-4719-A40A-703377C24927}"
EndProject
Project("{9A19103F-16F7-4668-BE54-9A1E7A4F7556}") = "StringMetotlar", "StringMetotlar\StringMetotlar.csproj", "{A2D536E9-6C6F-4189-AED8-86B8BEA83A98}"
EndProject
Project("{9A19103F-16F7-4668-BE54-9A1E7A4F7556}") = "DateTimeveMath", "DateTimeveMath\DateTimeveMath.csproj", "{72056AA4-FF23-470C-AE0D-01D3510DC325}"
EndProject
Project("{FAE04EC0-301F-11D3-BF4B-00C04F79EFBC}") = "GenericList", "GenericList\GenericList.csproj", "{92FFC00E-1ECA-447D-BA20-91CB6F985FA1}"
EndProject
Project("{FAE04EC0-301F-11D3-BF4B-00C04F79EFBC}") = "ArrayList", "ArrayList\ArrayList.csproj", "{B123B146-4B2F-4386-98F9-BF39EB737198}"
EndProject
Global
	GlobalSection(SolutionConfigurationPlatforms) = preSolution
		Debug|Any CPU = Debug|Any CPU
		Release|Any CPU = Release|Any CPU
	EndGlobalSection
	GlobalSection(ProjectConfigurationPlatforms) = postSolution
		{7A01B45F-127D-4744-B42F-D5ABA64EF95E}.Debug|Any CPU.ActiveCfg = Debug|Any CPU
		{7A01B45F-127D-4744-B42F-D5ABA64EF95E}.Debug|Any CPU.Build.0 = Debug|Any CPU
		{7A01B45F-127D-4744-B42F-D5ABA64EF95E}.Release|Any CPU.ActiveCfg = Release|Any CPU
		{7A01B45F-127D-4744-B42F-D5ABA64EF95E}.Release|Any CPU.Build.0 = Release|Any CPU
		{62E05852-8062-489C-9818-A9DCD7710BC2}.Debug|Any CPU.ActiveCfg = Debug|Any CPU
		{62E05852-8062-489C-9818-A9DCD7710BC2}.Debug|Any CPU.Build.0 = Debug|Any CPU
		{62E05852-8062-489C-9818-A9DCD7710BC2}.Release|Any CPU.ActiveCfg = Release|Any CPU
		{62E05852-8062-489C-9818-A9DCD7710BC2}.Release|Any CPU.Build.0 = Release|Any CPU
		{26FFE871-82A2-4CC6-87DC-A997E9A02408}.Debug|Any CPU.ActiveCfg = Debug|Any CPU
		{26FFE871-82A2-4CC6-87DC-A997E9A02408}.Debug|Any CPU.Build.0 = Debug|Any CPU
		{26FFE871-82A2-4CC6-87DC-A997E9A02408}.Release|Any CPU.ActiveCfg = Release|Any CPU
		{26FFE871-82A2-4CC6-87DC-A997E9A02408}.Release|Any CPU.Build.0 = Release|Any CPU
		{C2EDA543-E123-4FC4-A5C2-A3984E892BBA}.Debug|Any CPU.ActiveCfg = Debug|Any CPU
		{C2EDA543-E123-4FC4-A5C2-A3984E892BBA}.Debug|Any CPU.Build.0 = Debug|Any CPU
		{C2EDA543-E123-4FC4-A5C2-A3984E892BBA}.Release|Any CPU.ActiveCfg = Release|Any CPU
		{C2EDA543-E123-4FC4-A5C2-A3984E892BBA}.Release|Any CPU.Build.0 = Release|Any CPU
		{908EC924-FE71-43A4-A8FB-914D3752590B}.Debug|Any CPU.ActiveCfg = Debug|Any CPU
		{908EC924-FE71-43A4-A8FB-914D3752590B}.Debug|Any CPU.Build.0 = Debug|Any CPU
		{908EC924-FE71-43A4-A8FB-914D3752590B}.Release|Any CPU.ActiveCfg = Release|Any CPU
		{908EC924-FE71-43A4-A8FB-914D3752590B}.Release|Any CPU.Build.0 = Release|Any CPU
		{9E1EBD11-78AD-4142-8432-2C3194569A1B}.Debug|Any CPU.ActiveCfg = Debug|Any CPU
		{9E1EBD11-78AD-4142-8432-2C3194569A1B}.Debug|Any CPU.Build.0 = Debug|Any CPU
		{9E1EBD11-78AD-4142-8432-2C3194569A1B}.Release|Any CPU.ActiveCfg = Release|Any CPU
		{9E1EBD11-78AD-4142-8432-2C3194569A1B}.Release|Any CPU.Build.0 = Release|Any CPU
		{2A58E0FD-F1FA-4886-8226-C1D35CEEEB95}.Debug|Any CPU.ActiveCfg = Debug|Any CPU
		{2A58E0FD-F1FA-4886-8226-C1D35CEEEB95}.Debug|Any CPU.Build.0 = Debug|Any CPU
		{2A58E0FD-F1FA-4886-8226-C1D35CEEEB95}.Release|Any CPU.ActiveCfg = Release|Any CPU
		{2A58E0FD-F1FA-4886-8226-C1D35CEEEB95}.Release|Any CPU.Build.0 = Release|Any CPU
		{6C100B64-48CE-49FA-83AA-2B01822B32B1}.Debug|Any CPU.ActiveCfg = Debug|Any CPU
		{6C100B64-48CE-49FA-83AA-2B01822B32B1}.Debug|Any CPU.Build.0 = Debug|Any CPU
		{6C100B64-48CE-49FA-83AA-2B01822B32B1}.Release|Any CPU.ActiveCfg = Release|Any CPU
		{6C100B64-48CE-49FA-83AA-2B01822B32B1}.Release|Any CPU.Build.0 = Release|Any CPU
		{26CD7D0F-0716-48F7-AB38-AE1703F0D818}.Debug|Any CPU.ActiveCfg = Debug|Any CPU
		{26CD7D0F-0716-48F7-AB38-AE1703F0D818}.Debug|Any CPU.Build.0 = Debug|Any CPU
		{26CD7D0F-0716-48F7-AB38-AE1703F0D818}.Release|Any CPU.ActiveCfg = Release|Any CPU
		{26CD7D0F-0716-48F7-AB38-AE1703F0D818}.Release|Any CPU.Build.0 = Release|Any CPU
		{A6AA1D69-8274-480A-BB7B-1CBA5770CEB2}.Debug|Any CPU.ActiveCfg = Debug|Any CPU
		{A6AA1D69-8274-480A-BB7B-1CBA5770CEB2}.Debug|Any CPU.Build.0 = Debug|Any CPU
		{A6AA1D69-8274-480A-BB7B-1CBA5770CEB2}.Release|Any CPU.ActiveCfg = Release|Any CPU
		{A6AA1D69-8274-480A-BB7B-1CBA5770CEB2}.Release|Any CPU.Build.0 = Release|Any CPU
		{17693F0A-5C71-4A11-B806-91BF99A9DD60}.Debug|Any CPU.ActiveCfg = Debug|Any CPU
		{17693F0A-5C71-4A11-B806-91BF99A9DD60}.Debug|Any CPU.Build.0 = Debug|Any CPU
		{17693F0A-5C71-4A11-B806-91BF99A9DD60}.Release|Any CPU.ActiveCfg = Release|Any CPU
		{17693F0A-5C71-4A11-B806-91BF99A9DD60}.Release|Any CPU.Build.0 = Release|Any CPU
		{BE01BB2E-F0DB-43F5-BAD6-819BA9FC5FBA}.Debug|Any CPU.ActiveCfg = Debug|Any CPU
		{BE01BB2E-F0DB-43F5-BAD6-819BA9FC5FBA}.Debug|Any CPU.Build.0 = Debug|Any CPU
		{BE01BB2E-F0DB-43F5-BAD6-819BA9FC5FBA}.Release|Any CPU.ActiveCfg = Release|Any CPU
		{BE01BB2E-F0DB-43F5-BAD6-819BA9FC5FBA}.Release|Any CPU.Build.0 = Release|Any CPU
		{FE3EE910-BBCE-4629-8A5C-6B7A64A8DD8B}.Debug|Any CPU.ActiveCfg = Debug|Any CPU
		{FE3EE910-BBCE-4629-8A5C-6B7A64A8DD8B}.Debug|Any CPU.Build.0 = Debug|Any CPU
		{FE3EE910-BBCE-4629-8A5C-6B7A64A8DD8B}.Release|Any CPU.ActiveCfg = Release|Any CPU
		{FE3EE910-BBCE-4629-8A5C-6B7A64A8DD8B}.Release|Any CPU.Build.0 = Release|Any CPU
		{2457FA67-6023-4719-A40A-703377C24927}.Debug|Any CPU.ActiveCfg = Debug|Any CPU
		{2457FA67-6023-4719-A40A-703377C24927}.Debug|Any CPU.Build.0 = Debug|Any CPU
		{2457FA67-6023-4719-A40A-703377C24927}.Release|Any CPU.ActiveCfg = Release|Any CPU
		{2457FA67-6023-4719-A40A-703377C24927}.Release|Any CPU.Build.0 = Release|Any CPU
		{A2D536E9-6C6F-4189-AED8-86B8BEA83A98}.Debug|Any CPU.ActiveCfg = Debug|Any CPU
		{A2D536E9-6C6F-4189-AED8-86B8BEA83A98}.Debug|Any CPU.Build.0 = Debug|Any CPU
		{A2D536E9-6C6F-4189-AED8-86B8BEA83A98}.Release|Any CPU.ActiveCfg = Release|Any CPU
		{A2D536E9-6C6F-4189-AED8-86B8BEA83A98}.Release|Any CPU.Build.0 = Release|Any CPU
		{72056AA4-FF23-470C-AE0D-01D3510DC325}.Debug|Any CPU.ActiveCfg = Debug|Any CPU
		{72056AA4-FF23-470C-AE0D-01D3510DC325}.Debug|Any CPU.Build.0 = Debug|Any CPU
		{72056AA4-FF23-470C-AE0D-01D3510DC325}.Release|Any CPU.ActiveCfg = Release|Any CPU
		{72056AA4-FF23-470C-AE0D-01D3510DC325}.Release|Any CPU.Build.0 = Release|Any CPU
		{92FFC00E-1ECA-447D-BA20-91CB6F985FA1}.Debug|Any CPU.ActiveCfg = Debug|Any CPU
		{92FFC00E-1ECA-447D-BA20-91CB6F985FA1}.Debug|Any CPU.Build.0 = Debug|Any CPU
		{92FFC00E-1ECA-447D-BA20-91CB6F985FA1}.Release|Any CPU.ActiveCfg = Release|Any CPU
		{92FFC00E-1ECA-447D-BA20-91CB6F985FA1}.Release|Any CPU.Build.0 = Release|Any CPU
		{B123B146-4B2F-4386-98F9-BF39EB737198}.Debug|Any CPU.ActiveCfg = Debug|Any CPU
		{B123B146-4B2F-4386-98F9-BF39EB737198}.Debug|Any CPU.Build.0 = Debug|Any CPU
		{B123B146-4B2F-4386-98F9-BF39EB737198}.Release|Any CPU.ActiveCfg = Release|Any CPU
		{B123B146-4B2F-4386-98F9-BF39EB737198}.Release|Any CPU.Build.0 = Release|Any CPU
	EndGlobalSection
	GlobalSection(SolutionProperties) = preSolution
		HideSolutionNode = FALSE
	EndGlobalSection
	GlobalSection(ExtensibilityGlobals) = postSolution
		SolutionGuid = {47880EB4-668C-42FD-B017-04C9645A87CF}
	EndGlobalSection
EndGlobal
