
Microsoft Visual Studio Solution File, Format Version 12.00
# Visual Studio Version 17
VisualStudioVersion = 17.9.34728.123
MinimumVisualStudioVersion = 10.0.40219.1
Project("{FAE04EC0-301F-11D3-BF4B-00C04F79EFBC}") = "Degisken", "Degisken\Degisken.csproj", "{750F3014-2844-4539-B3EC-1547C4827653}"
EndProject
Global
	GlobalSection(SolutionConfigurationPlatforms) = preSolution
		Debug|Any CPU = Debug|Any CPU
		Release|Any CPU = Release|Any CPU
	EndGlobalSection
	GlobalSection(ProjectConfigurationPlatforms) = postSolution
		{750F3014-2844-4539-B3EC-1547C4827653}.Debug|Any CPU.ActiveCfg = Debug|Any CPU
		{750F3014-2844-4539-B3EC-1547C4827653}.Debug|Any CPU.Build.0 = Debug|Any CPU
		{750F3014-2844-4539-B3EC-1547C4827653}.Release|Any CPU.ActiveCfg = Release|Any CPU
		{750F3014-2844-4539-B3EC-1547C4827653}.Release|Any CPU.Build.0 = Release|Any CPU
	EndGlobalSection
	GlobalSection(SolutionProperties) = preSolution
		HideSolutionNode = FALSE
	EndGlobalSection
	GlobalSection(ExtensibilityGlobals) = postSolution
		SolutionGuid = {CD97D79A-FDBB-4F07-B80D-584B5370C76A}
	EndGlobalSection
EndGlobal
